
Microsoft Visual Studio Solution File, Format Version 12.00
# Visual Studio 15
VisualStudioVersion = 15.0.28010.2050
MinimumVisualStudioVersion = 10.0.40219.1
Project("{FAE04EC0-301F-11D3-BF4B-00C04F79EFBC}") = "RestAPIDemo", "RestAPIDemo\RestAPIDemo.csproj", "{426A64F5-0498-487B-8B6E-E3E8B009A8E4}"
EndProject
Global
	GlobalSection(SolutionConfigurationPlatforms) = preSolution
		Debug|Any CPU = Debug|Any CPU
		Release|Any CPU = Release|Any CPU
	EndGlobalSection
	GlobalSection(ProjectConfigurationPlatforms) = postSolution
		{426A64F5-0498-487B-8B6E-E3E8B009A8E4}.Debug|Any CPU.ActiveCfg = Debug|Any CPU
		{426A64F5-0498-487B-8B6E-E3E8B009A8E4}.Debug|Any CPU.Build.0 = Debug|Any CPU
		{426A64F5-0498-487B-8B6E-E3E8B009A8E4}.Release|Any CPU.ActiveCfg = Release|Any CPU
		{426A64F5-0498-487B-8B6E-E3E8B009A8E4}.Release|Any CPU.Build.0 = Release|Any CPU
	EndGlobalSection
	GlobalSection(SolutionProperties) = preSolution
		HideSolutionNode = FALSE
	EndGlobalSection
	GlobalSection(ExtensibilityGlobals) = postSolution
		SolutionGuid = {0A89AE37-4EB4-4DD2-9DBB-B6E8900B9BCB}
	EndGlobalSection
EndGlobal
